{
  "name": "angular-cli-workspace-example",
  "version": "0.0.0",
  "lockfileVersion": 1,
  "requires": true,
  "dependencies": {
    "@angular/animations": {
      "version": "6.1.6",
      "resolved": "https://registry.npmjs.org/@angular/animations/-/animations-6.1.6.tgz",
      "integrity": "sha512-fK7onQeVsPgUx/sFcBvcGisuIuxvodzATpoKV9SnsQc6xWE5qsvJRZijrzZIN+Hxy/DgsLaVWRCPn1hG75/D2Q==",
      "requires": {
        "tslib": "1.9.3"
      }
    },
    "@angular/common": {
      "version": "6.1.6",
      "resolved": "https://registry.npmjs.org/@angular/common/-/common-6.1.6.tgz",
      "integrity": "sha512-aFQcfCB2vFfNqR6/e6R34JjFpIFmF3zqr6Ubti1PJOsRuhITZHG/qRYIYA7mh1KVkkf0VXC56B+8QzYbdGcKOQ==",
      "requires": {
        "tslib": "1.9.3"
      }
    },
    "@angular/compiler": {
      "version": "6.1.6",
      "resolved": "https://registry.npmjs.org/@angular/compiler/-/compiler-6.1.6.tgz",
      "integrity": "sha512-Z9Og0DVH5krG/xMhfcRJMr5GF2HzqnG3f6Hr+e6d6FB8oehnCX/w9b34zZfVGUWAydAYj32SpXJLE6fQm/ljzA==",
      "requires": {
        "tslib": "1.9.3"
      }
    },
    "@angular/core": {
      "version": "6.1.6",
      "resolved": "https://registry.npmjs.org/@angular/core/-/core-6.1.6.tgz",
      "integrity": "sha512-RFkxNDq8iIfO1SaOuUYqOGD/pujMqifJ9FeVg8M2v7ucW01coXAG0IwqUEMMShQj3GGJGHj+F9BNswN7aD2uvw==",
      "requires": {
        "tslib": "1.9.3"
      }
    },
    "@angular/forms": {
      "version": "6.1.6",
      "resolved": "https://registry.npmjs.org/@angular/forms/-/forms-6.1.6.tgz",
      "integrity": "sha512-6ddk8bhsEtSONctj9PUrEJnTTRL1xHCULaxo2N4GQh5XyV8ScRM0ewOTLcpoL0IU4lgtQmU0VsLWdQvKr3g3Ng==",
      "requires": {
        "tslib": "1.9.3"
      }
    },
    "@angular/http": {
      "version": "6.1.6",
      "resolved": "https://registry.npmjs.org/@angular/http/-/http-6.1.6.tgz",
      "integrity": "sha512-V4qF68tUSsc3cKvQERJmpfXgZSKgxhb67I2jAfmwU9mEH66wh9FNfZ0b0GPV9hXoCulw3POz4ZUwZZ1E6mLy4A==",
      "requires": {
        "tslib": "1.9.3"
      }
    },
    "@angular/platform-browser": {
      "version": "6.1.6",
      "resolved": "https://registry.npmjs.org/@angular/platform-browser/-/platform-browser-6.1.6.tgz",
      "integrity": "sha512-fwI/w+MhdolVJEfdoCSZFarQo+SctG1pNa+V3PxMkXhxnAbv7oWPQdxzdCrhTWdxJTJ5enSfumMmlJEZtg1bag==",
      "requires": {
        "tslib": "1.9.3"
      }
    },
    "@angular/platform-browser-dynamic": {
      "version": "6.1.6",
      "resolved": "https://registry.npmjs.org/@angular/platform-browser-dynamic/-/platform-browser-dynamic-6.1.6.tgz",
      "integrity": "sha512-Ep4vq2ssb1r8XOAw7dJW530vzFKKVY5fj0CYp7VMPfDkwYolEG4TBKQ/ouJkF8n/jdDVFP73+MzU1TLa9/lMQQ==",
      "requires": {
        "tslib": "1.9.3"
      }
    },
    "@angular/router": {
      "version": "6.1.6",
      "resolved": "https://registry.npmjs.org/@angular/router/-/router-6.1.6.tgz",
      "integrity": "sha512-fOFeOe3uBrSRUYhXdWxHjDPf80eq3ZNCeWfujzfBADtcmiezlO7cxc1v5Eu81t577frU/3z+w8JvmF257p4RZg==",
      "requires": {
        "tslib": "1.9.3"
      }
    },
    "core-js": {
      "version": "2.5.7",
      "resolved": "https://registry.npmjs.org/core-js/-/core-js-2.5.7.tgz",
      "integrity": "sha512-RszJCAxg/PP6uzXVXL6BsxSXx/B05oJAQ2vkJRjyjrEcNVycaqOmNb5OTxZPE3xa5gwZduqza6L9JOCenh/Ecw=="
    },
    "rxjs": {
      "version": "6.3.0",
      "resolved": "https://registry.npmjs.org/rxjs/-/rxjs-6.3.0.tgz",
      "integrity": "sha512-ZnwuEquf72mnVORgX75eZCAKNNwulmKQuFxDPwDA5EvbkBXeRNJtmvhyVLcPcKkdiUtqqv+LbBM8jYo0eBW++w==",
      "requires": {
        "tslib": "1.9.3"
      }
    },
    "tslib": {
      "version": "1.9.3",
      "resolved": "https://registry.npmjs.org/tslib/-/tslib-1.9.3.tgz",
      "integrity": "sha512-4krF8scpejhaOgqzBEcGM7yDIEfi0/8+8zDRZhNZZ2kjmHJ4hv3zCbQWxoJGz1iw5U0Jl0nma13xzHXcncMavQ=="
    },
    "zone.js": {
      "version": "0.8.26",
      "resolved": "https://registry.npmjs.org/zone.js/-/zone.js-0.8.26.tgz",
      "integrity": "sha512-W9Nj+UmBJG251wkCacIkETgra4QgBo/vgoEkb4a2uoLzpQG7qF9nzwoLXWU5xj3Fg2mxGvEDh47mg24vXccYjA=="
    }
  }
}
